
Microsoft Visual Studio Solution File, Format Version 12.00
# Visual Studio Version 16
VisualStudioVersion = 16.0.29209.62
MinimumVisualStudioVersion = 10.0.40219.1
Project("{FAE04EC0-301F-11D3-BF4B-00C04F79EFBC}") = "SquirrelTestApp", "SquirrelTestApp\SquirrelTestApp.csproj", "{CE8E0AA0-4809-4633-8D44-1204E955901A}"
EndProject
Global
	GlobalSection(SolutionConfigurationPlatforms) = preSolution
		Debug|Any CPU = Debug|Any CPU
		Release|Any CPU = Release|Any CPU
	EndGlobalSection
	GlobalSection(ProjectConfigurationPlatforms) = postSolution
		{CE8E0AA0-4809-4633-8D44-1204E955901A}.Debug|Any CPU.ActiveCfg = Debug|Any CPU
		{CE8E0AA0-4809-4633-8D44-1204E955901A}.Debug|Any CPU.Build.0 = Debug|Any CPU
		{CE8E0AA0-4809-4633-8D44-1204E955901A}.Release|Any CPU.ActiveCfg = Release|Any CPU
		{CE8E0AA0-4809-4633-8D44-1204E955901A}.Release|Any CPU.Build.0 = Release|Any CPU
	EndGlobalSection
	GlobalSection(SolutionProperties) = preSolution
		HideSolutionNode = FALSE
	EndGlobalSection
	GlobalSection(ExtensibilityGlobals) = postSolution
		SolutionGuid = {05F3AF8B-C63B-4307-8EAE-0E1ADE3C394F}
	EndGlobalSection
EndGlobal
